
Microsoft Visual Studio Solution File, Format Version 12.00
# Visual Studio Version 16
VisualStudioVersion = 16.0.31605.320
MinimumVisualStudioVersion = 10.0.40219.1
Project("{E24C65DC-7377-472B-9ABA-BC803B73C61A}") = "OTeaching", "..\..\..\Downloads\Virtual Classroom\Virtual Classroom\OTeaching\", "{8D42F872-AA0A-4C0A-8158-615FD2D59931}"
	ProjectSection(WebsiteProperties) = preProject
		TargetFrameworkMoniker = ".NETFramework,Version%3Dv4.0"
		Debug.AspNetCompiler.VirtualPath = "/localhost_14685"
		Debug.AspNetCompiler.PhysicalPath = "..\..\..\Downloads\Virtual Classroom\Virtual Classroom\OTeaching\"
		Debug.AspNetCompiler.TargetPath = "PrecompiledWeb\localhost_14685\"
		Debug.AspNetCompiler.Updateable = "true"
		Debug.AspNetCompiler.ForceOverwrite = "true"
		Debug.AspNetCompiler.FixedNames = "false"
		Debug.AspNetCompiler.Debug = "True"
		Release.AspNetCompiler.VirtualPath = "/localhost_14685"
		Release.AspNetCompiler.PhysicalPath = "..\..\..\Downloads\Virtual Classroom\Virtual Classroom\OTeaching\"
		Release.AspNetCompiler.TargetPath = "PrecompiledWeb\localhost_14685\"
		Release.AspNetCompiler.Updateable = "true"
		Release.AspNetCompiler.ForceOverwrite = "true"
		Release.AspNetCompiler.FixedNames = "false"
		Release.AspNetCompiler.Debug = "False"
		VWDPort = "14685"
	EndProjectSection
EndProject
Global
	GlobalSection(SolutionConfigurationPlatforms) = preSolution
		Debug|Any CPU = Debug|Any CPU
	EndGlobalSection
	GlobalSection(ProjectConfigurationPlatforms) = postSolution
		{8D42F872-AA0A-4C0A-8158-615FD2D59931}.Debug|Any CPU.ActiveCfg = Debug|Any CPU
		{8D42F872-AA0A-4C0A-8158-615FD2D59931}.Debug|Any CPU.Build.0 = Debug|Any CPU
	EndGlobalSection
	GlobalSection(SolutionProperties) = preSolution
		HideSolutionNode = FALSE
	EndGlobalSection
	GlobalSection(ExtensibilityGlobals) = postSolution
		SolutionGuid = {EC619D5E-7348-4A9C-B133-F853CA3901B4}
	EndGlobalSection
EndGlobal
